
Microsoft Visual Studio Solution File, Format Version 12.00
# Visual Studio Version 17
VisualStudioVersion = 17.5.002.0
MinimumVisualStudioVersion = 10.0.40219.1
Project("{9A19103F-16F7-4668-BE54-9A1E7A4F7556}") = "SoundAnnoucementApp", "SoundAnnoucementApp.csproj", "{8942AD52-3709-4663-8C5C-53ED41E42100}"
EndProject
Global
	GlobalSection(SolutionConfigurationPlatforms) = preSolution
		Debug|Any CPU = Debug|Any CPU
		Release|Any CPU = Release|Any CPU
	EndGlobalSection
	GlobalSection(ProjectConfigurationPlatforms) = postSolution
		{8942AD52-3709-4663-8C5C-53ED41E42100}.Debug|Any CPU.ActiveCfg = Debug|Any CPU
		{8942AD52-3709-4663-8C5C-53ED41E42100}.Debug|Any CPU.Build.0 = Debug|Any CPU
		{8942AD52-3709-4663-8C5C-53ED41E42100}.Release|Any CPU.ActiveCfg = Release|Any CPU
		{8942AD52-3709-4663-8C5C-53ED41E42100}.Release|Any CPU.Build.0 = Release|Any CPU
	EndGlobalSection
	GlobalSection(SolutionProperties) = preSolution
		HideSolutionNode = FALSE
	EndGlobalSection
	GlobalSection(ExtensibilityGlobals) = postSolution
		SolutionGuid = {B3557F24-71A7-4067-AF43-5D872463B626}
	EndGlobalSection
EndGlobal
